
Microsoft Visual Studio Solution File, Format Version 12.00
# Visual Studio Version 17
VisualStudioVersion = 17.7.34031.279
MinimumVisualStudioVersion = 10.0.40219.1
Project("{888888A0-9F3D-457C-B088-3A5042F75D52}") = "AQWBot", "AQWBot\AQWBot.pyproj", "{47A6F674-4A30-4C25-B419-873F3B966C82}"
EndProject
Global
	GlobalSection(SolutionConfigurationPlatforms) = preSolution
		Debug|Any CPU = Debug|Any CPU
		Release|Any CPU = Release|Any CPU
	EndGlobalSection
	GlobalSection(ProjectConfigurationPlatforms) = postSolution
		{47A6F674-4A30-4C25-B419-873F3B966C82}.Debug|Any CPU.ActiveCfg = Debug|Any CPU
		{47A6F674-4A30-4C25-B419-873F3B966C82}.Release|Any CPU.ActiveCfg = Release|Any CPU
	EndGlobalSection
	GlobalSection(SolutionProperties) = preSolution
		HideSolutionNode = FALSE
	EndGlobalSection
	GlobalSection(ExtensibilityGlobals) = postSolution
		SolutionGuid = {9C54FC68-0139-402E-88CD-1FCD164F8282}
	EndGlobalSection
EndGlobal
